
Microsoft Visual Studio Solution File, Format Version 12.00
# Visual Studio Version 17
VisualStudioVersion = 17.2.32526.322
MinimumVisualStudioVersion = 10.0.40219.1
Project("{FAE04EC0-301F-11D3-BF4B-00C04F79EFBC}") = "BlogWebApi", "BlogWebApi.csproj", "{43CEAB87-5A2C-4E8D-96BC-0BC959201206}"
EndProject
Global
	GlobalSection(SolutionConfigurationPlatforms) = preSolution
		Debug|Any CPU = Debug|Any CPU
		Release|Any CPU = Release|Any CPU
	EndGlobalSection
	GlobalSection(ProjectConfigurationPlatforms) = postSolution
		{43CEAB87-5A2C-4E8D-96BC-0BC959201206}.Debug|Any CPU.ActiveCfg = Debug|Any CPU
		{43CEAB87-5A2C-4E8D-96BC-0BC959201206}.Debug|Any CPU.Build.0 = Debug|Any CPU
		{43CEAB87-5A2C-4E8D-96BC-0BC959201206}.Release|Any CPU.ActiveCfg = Release|Any CPU
		{43CEAB87-5A2C-4E8D-96BC-0BC959201206}.Release|Any CPU.Build.0 = Release|Any CPU
	EndGlobalSection
	GlobalSection(SolutionProperties) = preSolution
		HideSolutionNode = FALSE
	EndGlobalSection
	GlobalSection(ExtensibilityGlobals) = postSolution
		SolutionGuid = {06E4FF4E-8251-4690-A545-625A204D94AC}
	EndGlobalSection
EndGlobal
